{
  "requires": true,
  "lockfileVersion": 1,
  "dependencies": {
    "animal_module": {
      "version": "0.0.2",
      "resolved": "https://registry.npmjs.org/animal_module/-/animal_module-0.0.2.tgz",
      "integrity": "sha512-bjlQcdeOvHjwiirBp5Yg9sTJgtXJdeVGg0rvqRQDuoKjQva7D95WKTotfHwK0H46Rdg4LxCij0xQnPWgBGLaOg=="
    },
    "animal_module2": {
      "version": "0.0.3",
      "resolved": "https://registry.npmjs.org/animal_module2/-/animal_module2-0.0.3.tgz",
      "integrity": "sha512-do4n56uUf59EgoXy5CHTgqVlaljmCYilGTthZTOIIx1Sg/hSGLcqic9t5k5BujevJLVvQx0wsGttxxIPieC5Nw=="
    }
  }
}
