{
  "name": "animal_module2_tst",
  "version": "0.0.3",
  "lockfileVersion": 1,
  "requires": true,
  "dependencies": {
    "animal_module2": {
      "version": "0.0.3",
      "resolved": "https://registry.npmjs.org/animal_module2/-/animal_module2-0.0.3.tgz",
      "integrity": "sha512-do4n56uUf59EgoXy5CHTgqVlaljmCYilGTthZTOIIx1Sg/hSGLcqic9t5k5BujevJLVvQx0wsGttxxIPieC5Nw=="
    }
  }
}
